// !$*UTF8*$!
{
	archiveVersion = 1;
	classes = {
	};
	objectVersion = 56;
	objects = {

/* Begin PBXBuildFile section */
		1FCBFF53B69BFAC2821B1E49 /* Pods_TrackerTests.framework in Frameworks */ = {isa = PBXBuildFile; fileRef = 36860F4A712E2F2824323938 /* Pods_TrackerTests.framework */; };
		28C0423BD06C4BCC4B49FAA7 /* Pods_Tracker.framework in Frameworks */ = {isa = PBXBuildFile; fileRef = B41F6407FFFA1D92E1F4EAC2 /* Pods_Tracker.framework */; };
		840FDD0C2CCE410B006A71E3 /* AppDelegate.swift in Sources */ = {isa = PBXBuildFile; fileRef = 840FDD0B2CCE410B006A71E3 /* AppDelegate.swift */; };
		840FDD0E2CCE410B006A71E3 /* SceneDelegate.swift in Sources */ = {isa = PBXBuildFile; fileRef = 840FDD0D2CCE410B006A71E3 /* SceneDelegate.swift */; };
		840FDD152CCE410D006A71E3 /* Assets.xcassets in Resources */ = {isa = PBXBuildFile; fileRef = 840FDD142CCE410D006A71E3 /* Assets.xcassets */; };
		840FDD182CCE410D006A71E3 /* Base in Resources */ = {isa = PBXBuildFile; fileRef = 840FDD172CCE410D006A71E3 /* Base */; };
		840FDD202CCE514E006A71E3 /* TabBarController.swift in Sources */ = {isa = PBXBuildFile; fileRef = 840FDD1F2CCE514E006A71E3 /* TabBarController.swift */; };
		840FDD222CCE9DEC006A71E3 /* TrackerViewController.swift in Sources */ = {isa = PBXBuildFile; fileRef = 840FDD212CCE9DEC006A71E3 /* TrackerViewController.swift */; };
		840FDD242CCE9E08006A71E3 /* StatisticsViewController.swift in Sources */ = {isa = PBXBuildFile; fileRef = 840FDD232CCE9E08006A71E3 /* StatisticsViewController.swift */; };
		840FDD9C2CD574A2006A71E3 /* TrackerCreationViewController.swift in Sources */ = {isa = PBXBuildFile; fileRef = 840FDD9B2CD574A2006A71E3 /* TrackerCreationViewController.swift */; };
		84374D8A2CD961950062B10E /* HabitViewController.swift in Sources */ = {isa = PBXBuildFile; fileRef = 84374D892CD961950062B10E /* HabitViewController.swift */; };
		84374D8E2CDC0A310062B10E /* HabbitCollectionViewCell.swift in Sources */ = {isa = PBXBuildFile; fileRef = 84374D8D2CDC0A310062B10E /* HabbitCollectionViewCell.swift */; };
		84374D922CDC0D990062B10E /* Colors+Emoji.swift in Sources */ = {isa = PBXBuildFile; fileRef = 84374D912CDC0D990062B10E /* Colors+Emoji.swift */; };
		84374D942CDFC9850062B10E /* CategoryViewController.swift in Sources */ = {isa = PBXBuildFile; fileRef = 84374D932CDFC9850062B10E /* CategoryViewController.swift */; };
		84374D972CE0C8C30062B10E /* HabitScheduleViewController.swift in Sources */ = {isa = PBXBuildFile; fileRef = 84374D962CE0C8C30062B10E /* HabitScheduleViewController.swift */; };
		84374D9A2CE0F0FF0062B10E /* TrackerCellViewController.swift in Sources */ = {isa = PBXBuildFile; fileRef = 84374D992CE0F0FF0062B10E /* TrackerCellViewController.swift */; };
		84374D9D2CE0FA3F0062B10E /* TrackerCellSupplementaryView.swift in Sources */ = {isa = PBXBuildFile; fileRef = 84374D9C2CE0FA3F0062B10E /* TrackerCellSupplementaryView.swift */; };
		84374D9F2CE27F230062B10E /* TrackerStructuresFile.swift in Sources */ = {isa = PBXBuildFile; fileRef = 84374D9E2CE27F230062B10E /* TrackerStructuresFile.swift */; };
		84374DA12CE29F470062B10E /* TrackerCellSupplemantaryCollection.swift in Sources */ = {isa = PBXBuildFile; fileRef = 84374DA02CE29F470062B10E /* TrackerCellSupplemantaryCollection.swift */; };
		84374DA32CE68F340062B10E /* HabbitCellSupplementaryView.swift in Sources */ = {isa = PBXBuildFile; fileRef = 84374DA22CE68F340062B10E /* HabbitCellSupplementaryView.swift */; };
		84374DDC2CF65DD50062B10E /* TrackerCoreData.xcdatamodeld in Sources */ = {isa = PBXBuildFile; fileRef = 84374DDA2CF65DD50062B10E /* TrackerCoreData.xcdatamodeld */; };
		84CACBAB2CFCC60D003E489C /* TrackerStore.swift in Sources */ = {isa = PBXBuildFile; fileRef = 84CACBAA2CFCC60D003E489C /* TrackerStore.swift */; };
		84CACBAD2CFCC622003E489C /* TrackerCategoryStore.swift in Sources */ = {isa = PBXBuildFile; fileRef = 84CACBAC2CFCC622003E489C /* TrackerCategoryStore.swift */; };
		84CACBAF2CFCC634003E489C /* TrackerRecordStore.swift in Sources */ = {isa = PBXBuildFile; fileRef = 84CACBAE2CFCC634003E489C /* TrackerRecordStore.swift */; };
		84CACBB12CFE3591003E489C /* CoreDataScheduleTransformer.swift in Sources */ = {isa = PBXBuildFile; fileRef = 84CACBB02CFE3591003E489C /* CoreDataScheduleTransformer.swift */; };
		84CACBB32CFF817C003E489C /* Extension.swift in Sources */ = {isa = PBXBuildFile; fileRef = 84CACBB22CFF817C003E489C /* Extension.swift */; };
		84CACBB52D05B27F003E489C /* OnboardingViewControllerOne.swift in Sources */ = {isa = PBXBuildFile; fileRef = 84CACBB42D05B27F003E489C /* OnboardingViewControllerOne.swift */; };
		84CACBB82D05B2AB003E489C /* OnboardingViewControllerSecond.swift in Sources */ = {isa = PBXBuildFile; fileRef = 84CACBB72D05B2AB003E489C /* OnboardingViewControllerSecond.swift */; };
		84CACBBA2D05E21A003E489C /* OnboardingViewController.swift in Sources */ = {isa = PBXBuildFile; fileRef = 84CACBB92D05E21A003E489C /* OnboardingViewController.swift */; };
		84CACBFD2D078364003E489C /* NewCategoryViewController.swift in Sources */ = {isa = PBXBuildFile; fileRef = 84CACBFC2D078364003E489C /* NewCategoryViewController.swift */; };
		84CACC012D0CC143003E489C /* CategoryViewModel.swift in Sources */ = {isa = PBXBuildFile; fileRef = 84CACC002D0CC143003E489C /* CategoryViewModel.swift */; };
		84CACC032D0CC570003E489C /* EditCategoryViewController.swift in Sources */ = {isa = PBXBuildFile; fileRef = 84CACC022D0CC570003E489C /* EditCategoryViewController.swift */; };
		84CACC052D136DFE003E489C /* CategoryListCell.swift in Sources */ = {isa = PBXBuildFile; fileRef = 84CACC042D136DFD003E489C /* CategoryListCell.swift */; };
		84CACC092D170653003E489C /* Localizable.strings in Resources */ = {isa = PBXBuildFile; fileRef = 84CACC072D170653003E489C /* Localizable.strings */; };
		84CACC0D2D18566B003E489C /* Localizable.stringsdict in Resources */ = {isa = PBXBuildFile; fileRef = 84CACC0B2D18566B003E489C /* Localizable.stringsdict */; };
		84CACC162D186A3C003E489C /* TrackerTests.swift in Sources */ = {isa = PBXBuildFile; fileRef = 84CACC152D186A3C003E489C /* TrackerTests.swift */; };
		84CACC1E2D1874BE003E489C /* InlineSnapshotTesting in Frameworks */ = {isa = PBXBuildFile; productRef = 84CACC1D2D1874BE003E489C /* InlineSnapshotTesting */; };
		84CACC202D1874BE003E489C /* SnapshotTesting in Frameworks */ = {isa = PBXBuildFile; productRef = 84CACC1F2D1874BE003E489C /* SnapshotTesting */; };
		84CACC232D18B95A003E489C /* AnalyticsService.swift in Sources */ = {isa = PBXBuildFile; fileRef = 84CACC222D18B95A003E489C /* AnalyticsService.swift */; };
		84CACC262D19F71E003E489C /* FilterViewController.swift in Sources */ = {isa = PBXBuildFile; fileRef = 84CACC252D19F71E003E489C /* FilterViewController.swift */; };
		84CACC282D1A073B003E489C /* StatisticsCellViewController.swift in Sources */ = {isa = PBXBuildFile; fileRef = 84CACC272D1A073A003E489C /* StatisticsCellViewController.swift */; };
		84CACC2A2D1B58C8003E489C /* EditTrackerViewController.swift in Sources */ = {isa = PBXBuildFile; fileRef = 84CACC292D1B58C8003E489C /* EditTrackerViewController.swift */; };
/* End PBXBuildFile section */

/* Begin PBXContainerItemProxy section */
		84CACC172D186A3C003E489C /* PBXContainerItemProxy */ = {
			isa = PBXContainerItemProxy;
			containerPortal = 840FDD002CCE410B006A71E3 /* Project object */;
			proxyType = 1;
			remoteGlobalIDString = 840FDD072CCE410B006A71E3;
			remoteInfo = Tracker;
		};
/* End PBXContainerItemProxy section */

/* Begin PBXFileReference section */
		36860F4A712E2F2824323938 /* Pods_TrackerTests.framework */ = {isa = PBXFileReference; explicitFileType = wrapper.framework; includeInIndex = 0; path = Pods_TrackerTests.framework; sourceTree = BUILT_PRODUCTS_DIR; };
		4CE346D5F5012661B98A365B /* Pods-TrackerTests.debug.xcconfig */ = {isa = PBXFileReference; includeInIndex = 1; lastKnownFileType = text.xcconfig; name = "Pods-TrackerTests.debug.xcconfig"; path = "Target Support Files/Pods-TrackerTests/Pods-TrackerTests.debug.xcconfig"; sourceTree = "<group>"; };
		840FDD082CCE410B006A71E3 /* Tracker.app */ = {isa = PBXFileReference; explicitFileType = wrapper.application; includeInIndex = 0; path = Tracker.app; sourceTree = BUILT_PRODUCTS_DIR; };
		840FDD0B2CCE410B006A71E3 /* AppDelegate.swift */ = {isa = PBXFileReference; lastKnownFileType = sourcecode.swift; path = AppDelegate.swift; sourceTree = "<group>"; };
		840FDD0D2CCE410B006A71E3 /* SceneDelegate.swift */ = {isa = PBXFileReference; lastKnownFileType = sourcecode.swift; path = SceneDelegate.swift; sourceTree = "<group>"; };
		840FDD142CCE410D006A71E3 /* Assets.xcassets */ = {isa = PBXFileReference; lastKnownFileType = folder.assetcatalog; path = Assets.xcassets; sourceTree = "<group>"; };
		840FDD172CCE410D006A71E3 /* Base */ = {isa = PBXFileReference; lastKnownFileType = file.storyboard; name = Base; path = Base.lproj/LaunchScreen.storyboard; sourceTree = "<group>"; };
		840FDD192CCE410D006A71E3 /* Info.plist */ = {isa = PBXFileReference; lastKnownFileType = text.plist.xml; path = Info.plist; sourceTree = "<group>"; };
		840FDD1F2CCE514E006A71E3 /* TabBarController.swift */ = {isa = PBXFileReference; lastKnownFileType = sourcecode.swift; path = TabBarController.swift; sourceTree = "<group>"; };
		840FDD212CCE9DEC006A71E3 /* TrackerViewController.swift */ = {isa = PBXFileReference; lastKnownFileType = sourcecode.swift; path = TrackerViewController.swift; sourceTree = "<group>"; };
		840FDD232CCE9E08006A71E3 /* StatisticsViewController.swift */ = {isa = PBXFileReference; lastKnownFileType = sourcecode.swift; path = StatisticsViewController.swift; sourceTree = "<group>"; };
		840FDD9B2CD574A2006A71E3 /* TrackerCreationViewController.swift */ = {isa = PBXFileReference; lastKnownFileType = sourcecode.swift; name = TrackerCreationViewController.swift; path = Tracker/TrackersViewControllerGroup/TrackerCreationViewController.swift; sourceTree = SOURCE_ROOT; };
		84374D892CD961950062B10E /* HabitViewController.swift */ = {isa = PBXFileReference; lastKnownFileType = sourcecode.swift; path = HabitViewController.swift; sourceTree = "<group>"; };
		84374D8D2CDC0A310062B10E /* HabbitCollectionViewCell.swift */ = {isa = PBXFileReference; lastKnownFileType = sourcecode.swift; path = HabbitCollectionViewCell.swift; sourceTree = "<group>"; };
		84374D912CDC0D990062B10E /* Colors+Emoji.swift */ = {isa = PBXFileReference; lastKnownFileType = sourcecode.swift; name = "Colors+Emoji.swift"; path = "Tracker/Colors+Emoji.swift"; sourceTree = SOURCE_ROOT; };
		84374D932CDFC9850062B10E /* CategoryViewController.swift */ = {isa = PBXFileReference; lastKnownFileType = sourcecode.swift; path = CategoryViewController.swift; sourceTree = "<group>"; };
		84374D962CE0C8C30062B10E /* HabitScheduleViewController.swift */ = {isa = PBXFileReference; lastKnownFileType = sourcecode.swift; path = HabitScheduleViewController.swift; sourceTree = "<group>"; };
		84374D992CE0F0FF0062B10E /* TrackerCellViewController.swift */ = {isa = PBXFileReference; lastKnownFileType = sourcecode.swift; path = TrackerCellViewController.swift; sourceTree = "<group>"; };
		84374D9C2CE0FA3F0062B10E /* TrackerCellSupplementaryView.swift */ = {isa = PBXFileReference; lastKnownFileType = sourcecode.swift; path = TrackerCellSupplementaryView.swift; sourceTree = "<group>"; };
		84374D9E2CE27F230062B10E /* TrackerStructuresFile.swift */ = {isa = PBXFileReference; lastKnownFileType = sourcecode.swift; path = TrackerStructuresFile.swift; sourceTree = "<group>"; };
		84374DA02CE29F470062B10E /* TrackerCellSupplemantaryCollection.swift */ = {isa = PBXFileReference; lastKnownFileType = sourcecode.swift; path = TrackerCellSupplemantaryCollection.swift; sourceTree = "<group>"; };
		84374DA22CE68F340062B10E /* HabbitCellSupplementaryView.swift */ = {isa = PBXFileReference; lastKnownFileType = sourcecode.swift; path = HabbitCellSupplementaryView.swift; sourceTree = "<group>"; };
		84374DDB2CF65DD50062B10E /* TrackerCoreData.xcdatamodel */ = {isa = PBXFileReference; lastKnownFileType = wrapper.xcdatamodel; path = TrackerCoreData.xcdatamodel; sourceTree = "<group>"; };
		84CACBAA2CFCC60D003E489C /* TrackerStore.swift */ = {isa = PBXFileReference; lastKnownFileType = sourcecode.swift; path = TrackerStore.swift; sourceTree = "<group>"; };
		84CACBAC2CFCC622003E489C /* TrackerCategoryStore.swift */ = {isa = PBXFileReference; lastKnownFileType = sourcecode.swift; path = TrackerCategoryStore.swift; sourceTree = "<group>"; };
		84CACBAE2CFCC634003E489C /* TrackerRecordStore.swift */ = {isa = PBXFileReference; lastKnownFileType = sourcecode.swift; path = TrackerRecordStore.swift; sourceTree = "<group>"; };
		84CACBB02CFE3591003E489C /* CoreDataScheduleTransformer.swift */ = {isa = PBXFileReference; lastKnownFileType = sourcecode.swift; path = CoreDataScheduleTransformer.swift; sourceTree = "<group>"; };
		84CACBB22CFF817C003E489C /* Extension.swift */ = {isa = PBXFileReference; lastKnownFileType = sourcecode.swift; path = Extension.swift; sourceTree = "<group>"; };
		84CACBB42D05B27F003E489C /* OnboardingViewControllerOne.swift */ = {isa = PBXFileReference; lastKnownFileType = sourcecode.swift; path = OnboardingViewControllerOne.swift; sourceTree = "<group>"; };
		84CACBB72D05B2AB003E489C /* OnboardingViewControllerSecond.swift */ = {isa = PBXFileReference; lastKnownFileType = sourcecode.swift; path = OnboardingViewControllerSecond.swift; sourceTree = "<group>"; };
		84CACBB92D05E21A003E489C /* OnboardingViewController.swift */ = {isa = PBXFileReference; lastKnownFileType = sourcecode.swift; path = OnboardingViewController.swift; sourceTree = "<group>"; };
		84CACBFC2D078364003E489C /* NewCategoryViewController.swift */ = {isa = PBXFileReference; lastKnownFileType = sourcecode.swift; path = NewCategoryViewController.swift; sourceTree = "<group>"; };
		84CACC002D0CC143003E489C /* CategoryViewModel.swift */ = {isa = PBXFileReference; fileEncoding = 4; lastKnownFileType = sourcecode.swift; path = CategoryViewModel.swift; sourceTree = "<group>"; };
		84CACC022D0CC570003E489C /* EditCategoryViewController.swift */ = {isa = PBXFileReference; lastKnownFileType = sourcecode.swift; path = EditCategoryViewController.swift; sourceTree = "<group>"; };
		84CACC042D136DFD003E489C /* CategoryListCell.swift */ = {isa = PBXFileReference; lastKnownFileType = sourcecode.swift; path = CategoryListCell.swift; sourceTree = "<group>"; };
		84CACC082D170653003E489C /* en */ = {isa = PBXFileReference; lastKnownFileType = text.plist.strings; name = en; path = en.lproj/Localizable.strings; sourceTree = "<group>"; };
		84CACC0A2D1706F6003E489C /* ru */ = {isa = PBXFileReference; lastKnownFileType = text.plist.strings; name = ru; path = ru.lproj/Localizable.strings; sourceTree = "<group>"; };
		84CACC0C2D18566B003E489C /* ru */ = {isa = PBXFileReference; lastKnownFileType = text.plist.stringsdict; name = ru; path = ru.lproj/Localizable.stringsdict; sourceTree = "<group>"; };
		84CACC0E2D185D77003E489C /* en */ = {isa = PBXFileReference; lastKnownFileType = text.plist.stringsdict; name = en; path = en.lproj/Localizable.stringsdict; sourceTree = "<group>"; };
		84CACC132D186A3B003E489C /* TrackerTests.xctest */ = {isa = PBXFileReference; explicitFileType = wrapper.cfbundle; includeInIndex = 0; path = TrackerTests.xctest; sourceTree = BUILT_PRODUCTS_DIR; };
		84CACC152D186A3C003E489C /* TrackerTests.swift */ = {isa = PBXFileReference; lastKnownFileType = sourcecode.swift; path = TrackerTests.swift; sourceTree = "<group>"; };
		84CACC222D18B95A003E489C /* AnalyticsService.swift */ = {isa = PBXFileReference; lastKnownFileType = sourcecode.swift; path = AnalyticsService.swift; sourceTree = "<group>"; };
		84CACC252D19F71E003E489C /* FilterViewController.swift */ = {isa = PBXFileReference; lastKnownFileType = sourcecode.swift; path = FilterViewController.swift; sourceTree = "<group>"; };
		84CACC272D1A073A003E489C /* StatisticsCellViewController.swift */ = {isa = PBXFileReference; lastKnownFileType = sourcecode.swift; path = StatisticsCellViewController.swift; sourceTree = "<group>"; };
		84CACC292D1B58C8003E489C /* EditTrackerViewController.swift */ = {isa = PBXFileReference; lastKnownFileType = sourcecode.swift; path = EditTrackerViewController.swift; sourceTree = "<group>"; };
		869E79D9C40A655BEED1412F /* Pods-Tracker.debug.xcconfig */ = {isa = PBXFileReference; includeInIndex = 1; lastKnownFileType = text.xcconfig; name = "Pods-Tracker.debug.xcconfig"; path = "Target Support Files/Pods-Tracker/Pods-Tracker.debug.xcconfig"; sourceTree = "<group>"; };
		A57C37D797AAB5BD3636856E /* Pods-TrackerTests.release.xcconfig */ = {isa = PBXFileReference; includeInIndex = 1; lastKnownFileType = text.xcconfig; name = "Pods-TrackerTests.release.xcconfig"; path = "Target Support Files/Pods-TrackerTests/Pods-TrackerTests.release.xcconfig"; sourceTree = "<group>"; };
		B41F6407FFFA1D92E1F4EAC2 /* Pods_Tracker.framework */ = {isa = PBXFileReference; explicitFileType = wrapper.framework; includeInIndex = 0; path = Pods_Tracker.framework; sourceTree = BUILT_PRODUCTS_DIR; };
		F07649EF765B38A87D5C23C5 /* Pods-Tracker.release.xcconfig */ = {isa = PBXFileReference; includeInIndex = 1; lastKnownFileType = text.xcconfig; name = "Pods-Tracker.release.xcconfig"; path = "Target Support Files/Pods-Tracker/Pods-Tracker.release.xcconfig"; sourceTree = "<group>"; };
/* End PBXFileReference section */

/* Begin PBXFrameworksBuildPhase section */
		840FDD052CCE410B006A71E3 /* Frameworks */ = {
			isa = PBXFrameworksBuildPhase;
			buildActionMask = 2147483647;
			files = (
				28C0423BD06C4BCC4B49FAA7 /* Pods_Tracker.framework in Frameworks */,
			);
			runOnlyForDeploymentPostprocessing = 0;
		};
		84CACC102D186A3B003E489C /* Frameworks */ = {
			isa = PBXFrameworksBuildPhase;
			buildActionMask = 2147483647;
			files = (
				84CACC1E2D1874BE003E489C /* InlineSnapshotTesting in Frameworks */,
				84CACC202D1874BE003E489C /* SnapshotTesting in Frameworks */,
				1FCBFF53B69BFAC2821B1E49 /* Pods_TrackerTests.framework in Frameworks */,
			);
			runOnlyForDeploymentPostprocessing = 0;
		};
/* End PBXFrameworksBuildPhase section */

/* Begin PBXGroup section */
		07F899C2DB9B5D6175A247EA /* Frameworks */ = {
			isa = PBXGroup;
			children = (
				B41F6407FFFA1D92E1F4EAC2 /* Pods_Tracker.framework */,
				36860F4A712E2F2824323938 /* Pods_TrackerTests.framework */,
			);
			name = Frameworks;
			sourceTree = "<group>";
		};
		840FDCFF2CCE410B006A71E3 = {
			isa = PBXGroup;
			children = (
				840FDD0A2CCE410B006A71E3 /* Tracker */,
				84CACC142D186A3C003E489C /* TrackerTests */,
				840FDD092CCE410B006A71E3 /* Products */,
				F8E19AE9AD24A92DFFAB5436 /* Pods */,
				07F899C2DB9B5D6175A247EA /* Frameworks */,
			);
			sourceTree = "<group>";
		};
		840FDD092CCE410B006A71E3 /* Products */ = {
			isa = PBXGroup;
			children = (
				840FDD082CCE410B006A71E3 /* Tracker.app */,
				84CACC132D186A3B003E489C /* TrackerTests.xctest */,
			);
			name = Products;
			sourceTree = "<group>";
		};
		840FDD0A2CCE410B006A71E3 /* Tracker */ = {
			isa = PBXGroup;
			children = (
				84CACC212D18B939003E489C /* AnalyticsService */,
				84CACC062D170619003E489C /* Resources */,
				840FDD0B2CCE410B006A71E3 /* AppDelegate.swift */,
				840FDD0D2CCE410B006A71E3 /* SceneDelegate.swift */,
				84374D912CDC0D990062B10E /* Colors+Emoji.swift */,
				84CACBB22CFF817C003E489C /* Extension.swift */,
				84374D9E2CE27F230062B10E /* TrackerStructuresFile.swift */,
				84CACBB62D05B284003E489C /* OnboardingVC */,
				840FDD982CD57420006A71E3 /* TabBarGroup */,
				840FDD992CD5743B006A71E3 /* TrackersViewControllerGroup */,
				84374D952CDFC98F0062B10E /* CategoryData */,
				84374D982CE0C8CC0062B10E /* ScheduleData */,
				840FDD9A2CD57451006A71E3 /* StatisticViewControllerGroup */,
				84374DDD2CF65DE20062B10E /* CoreData */,
				840FDD142CCE410D006A71E3 /* Assets.xcassets */,
				840FDD162CCE410D006A71E3 /* LaunchScreen.storyboard */,
				840FDD192CCE410D006A71E3 /* Info.plist */,
			);
			path = Tracker;
			sourceTree = "<group>";
		};
		840FDD982CD57420006A71E3 /* TabBarGroup */ = {
			isa = PBXGroup;
			children = (
				840FDD1F2CCE514E006A71E3 /* TabBarController.swift */,
			);
			path = TabBarGroup;
			sourceTree = "<group>";
		};
		840FDD992CD5743B006A71E3 /* TrackersViewControllerGroup */ = {
			isa = PBXGroup;
			children = (
				840FDD212CCE9DEC006A71E3 /* TrackerViewController.swift */,
				84CACC292D1B58C8003E489C /* EditTrackerViewController.swift */,
				84374D9B2CE0F2BB0062B10E /* TrackerCell */,
				840FDD9B2CD574A2006A71E3 /* TrackerCreationViewController.swift */,
				84CACC242D19F70A003E489C /* Filter */,
				84374D872CD7EBD70062B10E /* Habit */,
			);
			path = TrackersViewControllerGroup;
			sourceTree = "<group>";
		};
		840FDD9A2CD57451006A71E3 /* StatisticViewControllerGroup */ = {
			isa = PBXGroup;
			children = (
				840FDD232CCE9E08006A71E3 /* StatisticsViewController.swift */,
				84CACC272D1A073A003E489C /* StatisticsCellViewController.swift */,
			);
			path = StatisticViewControllerGroup;
			sourceTree = "<group>";
		};
		84374D872CD7EBD70062B10E /* Habit */ = {
			isa = PBXGroup;
			children = (
				84374D892CD961950062B10E /* HabitViewController.swift */,
				84374D8D2CDC0A310062B10E /* HabbitCollectionViewCell.swift */,
				84374DA22CE68F340062B10E /* HabbitCellSupplementaryView.swift */,
			);
			path = Habit;
			sourceTree = "<group>";
		};
		84374D952CDFC98F0062B10E /* CategoryData */ = {
			isa = PBXGroup;
			children = (
				84CACC042D136DFD003E489C /* CategoryListCell.swift */,
				84CACC002D0CC143003E489C /* CategoryViewModel.swift */,
				84374D932CDFC9850062B10E /* CategoryViewController.swift */,
				84CACBFC2D078364003E489C /* NewCategoryViewController.swift */,
				84CACC022D0CC570003E489C /* EditCategoryViewController.swift */,
			);
			path = CategoryData;
			sourceTree = "<group>";
		};
		84374D982CE0C8CC0062B10E /* ScheduleData */ = {
			isa = PBXGroup;
			children = (
				84374D962CE0C8C30062B10E /* HabitScheduleViewController.swift */,
			);
			path = ScheduleData;
			sourceTree = "<group>";
		};
		84374D9B2CE0F2BB0062B10E /* TrackerCell */ = {
			isa = PBXGroup;
			children = (
				84374D992CE0F0FF0062B10E /* TrackerCellViewController.swift */,
				84374D9C2CE0FA3F0062B10E /* TrackerCellSupplementaryView.swift */,
				84374DA02CE29F470062B10E /* TrackerCellSupplemantaryCollection.swift */,
			);
			path = TrackerCell;
			sourceTree = "<group>";
		};
		84374DDD2CF65DE20062B10E /* CoreData */ = {
			isa = PBXGroup;
			children = (
				84374DDA2CF65DD50062B10E /* TrackerCoreData.xcdatamodeld */,
				84CACBAA2CFCC60D003E489C /* TrackerStore.swift */,
				84CACBAC2CFCC622003E489C /* TrackerCategoryStore.swift */,
				84CACBAE2CFCC634003E489C /* TrackerRecordStore.swift */,
				84CACBB02CFE3591003E489C /* CoreDataScheduleTransformer.swift */,
			);
			path = CoreData;
			sourceTree = "<group>";
		};
		84CACBB62D05B284003E489C /* OnboardingVC */ = {
			isa = PBXGroup;
			children = (
				84CACBB92D05E21A003E489C /* OnboardingViewController.swift */,
				84CACBB42D05B27F003E489C /* OnboardingViewControllerOne.swift */,
				84CACBB72D05B2AB003E489C /* OnboardingViewControllerSecond.swift */,
			);
			path = OnboardingVC;
			sourceTree = "<group>";
		};
		84CACC062D170619003E489C /* Resources */ = {
			isa = PBXGroup;
			children = (
				84CACC072D170653003E489C /* Localizable.strings */,
				84CACC0B2D18566B003E489C /* Localizable.stringsdict */,
			);
			path = Resources;
			sourceTree = "<group>";
		};
		84CACC142D186A3C003E489C /* TrackerTests */ = {
			isa = PBXGroup;
			children = (
				84CACC152D186A3C003E489C /* TrackerTests.swift */,
			);
			path = TrackerTests;
			sourceTree = "<group>";
		};
		84CACC212D18B939003E489C /* AnalyticsService */ = {
			isa = PBXGroup;
			children = (
				84CACC222D18B95A003E489C /* AnalyticsService.swift */,
			);
			path = AnalyticsService;
			sourceTree = "<group>";
		};
		84CACC242D19F70A003E489C /* Filter */ = {
			isa = PBXGroup;
			children = (
				84CACC252D19F71E003E489C /* FilterViewController.swift */,
			);
			path = Filter;
			sourceTree = "<group>";
		};
		F8E19AE9AD24A92DFFAB5436 /* Pods */ = {
			isa = PBXGroup;
			children = (
				869E79D9C40A655BEED1412F /* Pods-Tracker.debug.xcconfig */,
				F07649EF765B38A87D5C23C5 /* Pods-Tracker.release.xcconfig */,
				4CE346D5F5012661B98A365B /* Pods-TrackerTests.debug.xcconfig */,
				A57C37D797AAB5BD3636856E /* Pods-TrackerTests.release.xcconfig */,
			);
			path = Pods;
			sourceTree = "<group>";
		};
/* End PBXGroup section */

/* Begin PBXNativeTarget section */
		840FDD072CCE410B006A71E3 /* Tracker */ = {
			isa = PBXNativeTarget;
			buildConfigurationList = 840FDD1C2CCE410E006A71E3 /* Build configuration list for PBXNativeTarget "Tracker" */;
			buildPhases = (
				204E26B26FAE238D1B3D7A93 /* [CP] Check Pods Manifest.lock */,
				840FDD042CCE410B006A71E3 /* Sources */,
				840FDD052CCE410B006A71E3 /* Frameworks */,
				840FDD062CCE410B006A71E3 /* Resources */,
				A0B00EAD15DCB9F23F08C0B9 /* [CP] Embed Pods Frameworks */,
			);
			buildRules = (
			);
			dependencies = (
			);
			name = Tracker;
			productName = Tracker;
			productReference = 840FDD082CCE410B006A71E3 /* Tracker.app */;
			productType = "com.apple.product-type.application";
		};
		84CACC122D186A3B003E489C /* TrackerTests */ = {
			isa = PBXNativeTarget;
			buildConfigurationList = 84CACC192D186A3C003E489C /* Build configuration list for PBXNativeTarget "TrackerTests" */;
			buildPhases = (
				E469DCF584DEC6EE1520C678 /* [CP] Check Pods Manifest.lock */,
				84CACC0F2D186A3B003E489C /* Sources */,
				84CACC102D186A3B003E489C /* Frameworks */,
				84CACC112D186A3B003E489C /* Resources */,
			);
			buildRules = (
			);
			dependencies = (
				84CACC182D186A3C003E489C /* PBXTargetDependency */,
			);
			name = TrackerTests;
			packageProductDependencies = (
				84CACC1D2D1874BE003E489C /* InlineSnapshotTesting */,
				84CACC1F2D1874BE003E489C /* SnapshotTesting */,
			);
			productName = TrackerTests;
			productReference = 84CACC132D186A3B003E489C /* TrackerTests.xctest */;
			productType = "com.apple.product-type.bundle.unit-test";
		};
/* End PBXNativeTarget section */

/* Begin PBXProject section */
		840FDD002CCE410B006A71E3 /* Project object */ = {
			isa = PBXProject;
			attributes = {
				BuildIndependentTargetsInParallel = 1;
				LastSwiftUpdateCheck = 1540;
				LastUpgradeCheck = 1540;
				TargetAttributes = {
					840FDD072CCE410B006A71E3 = {
						CreatedOnToolsVersion = 15.4;
					};
					84CACC122D186A3B003E489C = {
						CreatedOnToolsVersion = 15.4;
						TestTargetID = 840FDD072CCE410B006A71E3;
					};
				};
			};
			buildConfigurationList = 840FDD032CCE410B006A71E3 /* Build configuration list for PBXProject "Tracker" */;
			compatibilityVersion = "Xcode 14.0";
			developmentRegion = ru;
			hasScannedForEncodings = 0;
			knownRegions = (
				en,
				Base,
				ru,
			);
			mainGroup = 840FDCFF2CCE410B006A71E3;
			packageReferences = (
				84CACC1C2D1874BE003E489C /* XCRemoteSwiftPackageReference "swift-snapshot-testing" */,
			);
			productRefGroup = 840FDD092CCE410B006A71E3 /* Products */;
			projectDirPath = "";
			projectRoot = "";
			targets = (
				840FDD072CCE410B006A71E3 /* Tracker */,
				84CACC122D186A3B003E489C /* TrackerTests */,
			);
		};
/* End PBXProject section */

/* Begin PBXResourcesBuildPhase section */
		840FDD062CCE410B006A71E3 /* Resources */ = {
			isa = PBXResourcesBuildPhase;
			buildActionMask = 2147483647;
			files = (
				840FDD152CCE410D006A71E3 /* Assets.xcassets in Resources */,
				84CACC0D2D18566B003E489C /* Localizable.stringsdict in Resources */,
				84CACC092D170653003E489C /* Localizable.strings in Resources */,
				840FDD182CCE410D006A71E3 /* Base in Resources */,
			);
			runOnlyForDeploymentPostprocessing = 0;
		};
		84CACC112D186A3B003E489C /* Resources */ = {
			isa = PBXResourcesBuildPhase;
			buildActionMask = 2147483647;
			files = (
			);
			runOnlyForDeploymentPostprocessing = 0;
		};
/* End PBXResourcesBuildPhase section */

/* Begin PBXShellScriptBuildPhase section */
		204E26B26FAE238D1B3D7A93 /* [CP] Check Pods Manifest.lock */ = {
			isa = PBXShellScriptBuildPhase;
			buildActionMask = 2147483647;
			files = (
			);
			inputFileListPaths = (
			);
			inputPaths = (
				"${PODS_PODFILE_DIR_PATH}/Podfile.lock",
				"${PODS_ROOT}/Manifest.lock",
			);
			name = "[CP] Check Pods Manifest.lock";
			outputFileListPaths = (
			);
			outputPaths = (
				"$(DERIVED_FILE_DIR)/Pods-Tracker-checkManifestLockResult.txt",
			);
			runOnlyForDeploymentPostprocessing = 0;
			shellPath = /bin/sh;
			shellScript = "diff \"${PODS_PODFILE_DIR_PATH}/Podfile.lock\" \"${PODS_ROOT}/Manifest.lock\" > /dev/null\nif [ $? != 0 ] ; then\n    # print error to STDERR\n    echo \"error: The sandbox is not in sync with the Podfile.lock. Run 'pod install' or update your CocoaPods installation.\" >&2\n    exit 1\nfi\n# This output is used by Xcode 'outputs' to avoid re-running this script phase.\necho \"SUCCESS\" > \"${SCRIPT_OUTPUT_FILE_0}\"\n";
			showEnvVarsInLog = 0;
		};
		A0B00EAD15DCB9F23F08C0B9 /* [CP] Embed Pods Frameworks */ = {
			isa = PBXShellScriptBuildPhase;
			buildActionMask = 2147483647;
			files = (
			);
			inputFileListPaths = (
				"${PODS_ROOT}/Target Support Files/Pods-Tracker/Pods-Tracker-frameworks-${CONFIGURATION}-input-files.xcfilelist",
			);
			name = "[CP] Embed Pods Frameworks";
			outputFileListPaths = (
				"${PODS_ROOT}/Target Support Files/Pods-Tracker/Pods-Tracker-frameworks-${CONFIGURATION}-output-files.xcfilelist",
			);
			runOnlyForDeploymentPostprocessing = 0;
			shellPath = /bin/sh;
			shellScript = "\"${PODS_ROOT}/Target Support Files/Pods-Tracker/Pods-Tracker-frameworks.sh\"\n";
			showEnvVarsInLog = 0;
		};
		E469DCF584DEC6EE1520C678 /* [CP] Check Pods Manifest.lock */ = {
			isa = PBXShellScriptBuildPhase;
			buildActionMask = 2147483647;
			files = (
			);
			inputFileListPaths = (
			);
			inputPaths = (
				"${PODS_PODFILE_DIR_PATH}/Podfile.lock",
				"${PODS_ROOT}/Manifest.lock",
			);
			name = "[CP] Check Pods Manifest.lock";
			outputFileListPaths = (
			);
			outputPaths = (
				"$(DERIVED_FILE_DIR)/Pods-TrackerTests-checkManifestLockResult.txt",
			);
			runOnlyForDeploymentPostprocessing = 0;
			shellPath = /bin/sh;
			shellScript = "diff \"${PODS_PODFILE_DIR_PATH}/Podfile.lock\" \"${PODS_ROOT}/Manifest.lock\" > /dev/null\nif [ $? != 0 ] ; then\n    # print error to STDERR\n    echo \"error: The sandbox is not in sync with the Podfile.lock. Run 'pod install' or update your CocoaPods installation.\" >&2\n    exit 1\nfi\n# This output is used by Xcode 'outputs' to avoid re-running this script phase.\necho \"SUCCESS\" > \"${SCRIPT_OUTPUT_FILE_0}\"\n";
			showEnvVarsInLog = 0;
		};
/* End PBXShellScriptBuildPhase section */

/* Begin PBXSourcesBuildPhase section */
		840FDD042CCE410B006A71E3 /* Sources */ = {
			isa = PBXSourcesBuildPhase;
			buildActionMask = 2147483647;
			files = (
				840FDD222CCE9DEC006A71E3 /* TrackerViewController.swift in Sources */,
				840FDD9C2CD574A2006A71E3 /* TrackerCreationViewController.swift in Sources */,
				840FDD0C2CCE410B006A71E3 /* AppDelegate.swift in Sources */,
				84CACC282D1A073B003E489C /* StatisticsCellViewController.swift in Sources */,
				84374DDC2CF65DD50062B10E /* TrackerCoreData.xcdatamodeld in Sources */,
				84374D942CDFC9850062B10E /* CategoryViewController.swift in Sources */,
				84CACBB52D05B27F003E489C /* OnboardingViewControllerOne.swift in Sources */,
				84CACBFD2D078364003E489C /* NewCategoryViewController.swift in Sources */,
				84CACBAB2CFCC60D003E489C /* TrackerStore.swift in Sources */,
				84374D8A2CD961950062B10E /* HabitViewController.swift in Sources */,
				84CACBB32CFF817C003E489C /* Extension.swift in Sources */,
				84CACBAD2CFCC622003E489C /* TrackerCategoryStore.swift in Sources */,
				84CACBBA2D05E21A003E489C /* OnboardingViewController.swift in Sources */,
				84CACBB82D05B2AB003E489C /* OnboardingViewControllerSecond.swift in Sources */,
				84374D9A2CE0F0FF0062B10E /* TrackerCellViewController.swift in Sources */,
				84374D9F2CE27F230062B10E /* TrackerStructuresFile.swift in Sources */,
				840FDD242CCE9E08006A71E3 /* StatisticsViewController.swift in Sources */,
				84374D9D2CE0FA3F0062B10E /* TrackerCellSupplementaryView.swift in Sources */,
				84CACC052D136DFE003E489C /* CategoryListCell.swift in Sources */,
				84374DA12CE29F470062B10E /* TrackerCellSupplemantaryCollection.swift in Sources */,
				84374DA32CE68F340062B10E /* HabbitCellSupplementaryView.swift in Sources */,
				840FDD0E2CCE410B006A71E3 /* SceneDelegate.swift in Sources */,
				84CACBAF2CFCC634003E489C /* TrackerRecordStore.swift in Sources */,
				84374D922CDC0D990062B10E /* Colors+Emoji.swift in Sources */,
				84CACC262D19F71E003E489C /* FilterViewController.swift in Sources */,
				84CACBB12CFE3591003E489C /* CoreDataScheduleTransformer.swift in Sources */,
				84CACC2A2D1B58C8003E489C /* EditTrackerViewController.swift in Sources */,
				84CACC012D0CC143003E489C /* CategoryViewModel.swift in Sources */,
				84CACC032D0CC570003E489C /* EditCategoryViewController.swift in Sources */,
				84CACC232D18B95A003E489C /* AnalyticsService.swift in Sources */,
				84374D8E2CDC0A310062B10E /* HabbitCollectionViewCell.swift in Sources */,
				840FDD202CCE514E006A71E3 /* TabBarController.swift in Sources */,
				84374D972CE0C8C30062B10E /* HabitScheduleViewController.swift in Sources */,
			);
			runOnlyForDeploymentPostprocessing = 0;
		};
		84CACC0F2D186A3B003E489C /* Sources */ = {
			isa = PBXSourcesBuildPhase;
			buildActionMask = 2147483647;
			files = (
				84CACC162D186A3C003E489C /* TrackerTests.swift in Sources */,
			);
			runOnlyForDeploymentPostprocessing = 0;
		};
/* End PBXSourcesBuildPhase section */

/* Begin PBXTargetDependency section */
		84CACC182D186A3C003E489C /* PBXTargetDependency */ = {
			isa = PBXTargetDependency;
			target = 840FDD072CCE410B006A71E3 /* Tracker */;
			targetProxy = 84CACC172D186A3C003E489C /* PBXContainerItemProxy */;
		};
/* End PBXTargetDependency section */

/* Begin PBXVariantGroup section */
		840FDD162CCE410D006A71E3 /* LaunchScreen.storyboard */ = {
			isa = PBXVariantGroup;
			children = (
				840FDD172CCE410D006A71E3 /* Base */,
			);
			name = LaunchScreen.storyboard;
			sourceTree = "<group>";
		};
		84CACC072D170653003E489C /* Localizable.strings */ = {
			isa = PBXVariantGroup;
			children = (
				84CACC082D170653003E489C /* en */,
				84CACC0A2D1706F6003E489C /* ru */,
			);
			name = Localizable.strings;
			sourceTree = "<group>";
		};
		84CACC0B2D18566B003E489C /* Localizable.stringsdict */ = {
			isa = PBXVariantGroup;
			children = (
				84CACC0C2D18566B003E489C /* ru */,
				84CACC0E2D185D77003E489C /* en */,
			);
			name = Localizable.stringsdict;
			sourceTree = "<group>";
		};
/* End PBXVariantGroup section */

/* Begin XCBuildConfiguration section */
		840FDD1A2CCE410D006A71E3 /* Debug */ = {
			isa = XCBuildConfiguration;
			buildSettings = {
				ALWAYS_SEARCH_USER_PATHS = NO;
				ASSETCATALOG_COMPILER_GENERATE_SWIFT_ASSET_SYMBOL_EXTENSIONS = YES;
				CLANG_ANALYZER_LOCALIZABILITY_NONLOCALIZED = YES;
				CLANG_ANALYZER_NONNULL = YES;
				CLANG_ANALYZER_NUMBER_OBJECT_CONVERSION = YES_AGGRESSIVE;
				CLANG_CXX_LANGUAGE_STANDARD = "gnu++20";
				CLANG_ENABLE_MODULES = YES;
				CLANG_ENABLE_OBJC_ARC = YES;
				CLANG_ENABLE_OBJC_WEAK = YES;
				CLANG_WARN_BLOCK_CAPTURE_AUTORELEASING = YES;
				CLANG_WARN_BOOL_CONVERSION = YES;
				CLANG_WARN_COMMA = YES;
				CLANG_WARN_CONSTANT_CONVERSION = YES;
				CLANG_WARN_DEPRECATED_OBJC_IMPLEMENTATIONS = YES;
				CLANG_WARN_DIRECT_OBJC_ISA_USAGE = YES_ERROR;
				CLANG_WARN_DOCUMENTATION_COMMENTS = YES;
				CLANG_WARN_EMPTY_BODY = YES;
				CLANG_WARN_ENUM_CONVERSION = YES;
				CLANG_WARN_INFINITE_RECURSION = YES;
				CLANG_WARN_INT_CONVERSION = YES;
				CLANG_WARN_NON_LITERAL_NULL_CONVERSION = YES;
				CLANG_WARN_OBJC_IMPLICIT_RETAIN_SELF = YES;
				CLANG_WARN_OBJC_LITERAL_CONVERSION = YES;
				CLANG_WARN_OBJC_ROOT_CLASS = YES_ERROR;
				CLANG_WARN_QUOTED_INCLUDE_IN_FRAMEWORK_HEADER = YES;
				CLANG_WARN_RANGE_LOOP_ANALYSIS = YES;
				CLANG_WARN_STRICT_PROTOTYPES = YES;
				CLANG_WARN_SUSPICIOUS_MOVE = YES;
				CLANG_WARN_UNGUARDED_AVAILABILITY = YES_AGGRESSIVE;
				CLANG_WARN_UNREACHABLE_CODE = YES;
				CLANG_WARN__DUPLICATE_METHOD_MATCH = YES;
				COPY_PHASE_STRIP = NO;
				DEBUG_INFORMATION_FORMAT = dwarf;
				ENABLE_STRICT_OBJC_MSGSEND = YES;
				ENABLE_TESTABILITY = YES;
				ENABLE_USER_SCRIPT_SANDBOXING = NO;
				GCC_C_LANGUAGE_STANDARD = gnu17;
				GCC_DYNAMIC_NO_PIC = NO;
				GCC_NO_COMMON_BLOCKS = YES;
				GCC_OPTIMIZATION_LEVEL = 0;
				GCC_PREPROCESSOR_DEFINITIONS = (
					"DEBUG=1",
					"$(inherited)",
				);
				GCC_WARN_64_TO_32_BIT_CONVERSION = YES;
				GCC_WARN_ABOUT_RETURN_TYPE = YES_ERROR;
				GCC_WARN_UNDECLARED_SELECTOR = YES;
				GCC_WARN_UNINITIALIZED_AUTOS = YES_AGGRESSIVE;
				GCC_WARN_UNUSED_FUNCTION = YES;
				GCC_WARN_UNUSED_VARIABLE = YES;
				IPHONEOS_DEPLOYMENT_TARGET = 17.5;
				LOCALIZATION_PREFERS_STRING_CATALOGS = YES;
				MTL_ENABLE_DEBUG_INFO = INCLUDE_SOURCE;
				MTL_FAST_MATH = YES;
				ONLY_ACTIVE_ARCH = YES;
				SDKROOT = iphoneos;
				SWIFT_ACTIVE_COMPILATION_CONDITIONS = "DEBUG $(inherited)";
				SWIFT_OPTIMIZATION_LEVEL = "-Onone";
			};
			name = Debug;
		};
		840FDD1B2CCE410D006A71E3 /* Release */ = {
			isa = XCBuildConfiguration;
			buildSettings = {
				ALWAYS_SEARCH_USER_PATHS = NO;
				ASSETCATALOG_COMPILER_GENERATE_SWIFT_ASSET_SYMBOL_EXTENSIONS = YES;
				CLANG_ANALYZER_LOCALIZABILITY_NONLOCALIZED = YES;
				CLANG_ANALYZER_NONNULL = YES;
				CLANG_ANALYZER_NUMBER_OBJECT_CONVERSION = YES_AGGRESSIVE;
				CLANG_CXX_LANGUAGE_STANDARD = "gnu++20";
				CLANG_ENABLE_MODULES = YES;
				CLANG_ENABLE_OBJC_ARC = YES;
				CLANG_ENABLE_OBJC_WEAK = YES;
				CLANG_WARN_BLOCK_CAPTURE_AUTORELEASING = YES;
				CLANG_WARN_BOOL_CONVERSION = YES;
				CLANG_WARN_COMMA = YES;
				CLANG_WARN_CONSTANT_CONVERSION = YES;
				CLANG_WARN_DEPRECATED_OBJC_IMPLEMENTATIONS = YES;
				CLANG_WARN_DIRECT_OBJC_ISA_USAGE = YES_ERROR;
				CLANG_WARN_DOCUMENTATION_COMMENTS = YES;
				CLANG_WARN_EMPTY_BODY = YES;
				CLANG_WARN_ENUM_CONVERSION = YES;
				CLANG_WARN_INFINITE_RECURSION = YES;
				CLANG_WARN_INT_CONVERSION = YES;
				CLANG_WARN_NON_LITERAL_NULL_CONVERSION = YES;
				CLANG_WARN_OBJC_IMPLICIT_RETAIN_SELF = YES;
				CLANG_WARN_OBJC_LITERAL_CONVERSION = YES;
				CLANG_WARN_OBJC_ROOT_CLASS = YES_ERROR;
				CLANG_WARN_QUOTED_INCLUDE_IN_FRAMEWORK_HEADER = YES;
				CLANG_WARN_RANGE_LOOP_ANALYSIS = YES;
				CLANG_WARN_STRICT_PROTOTYPES = YES;
				CLANG_WARN_SUSPICIOUS_MOVE = YES;
				CLANG_WARN_UNGUARDED_AVAILABILITY = YES_AGGRESSIVE;
				CLANG_WARN_UNREACHABLE_CODE = YES;
				CLANG_WARN__DUPLICATE_METHOD_MATCH = YES;
				COPY_PHASE_STRIP = NO;
				DEBUG_INFORMATION_FORMAT = "dwarf-with-dsym";
				ENABLE_NS_ASSERTIONS = NO;
				ENABLE_STRICT_OBJC_MSGSEND = YES;
				ENABLE_USER_SCRIPT_SANDBOXING = NO;
				GCC_C_LANGUAGE_STANDARD = gnu17;
				GCC_NO_COMMON_BLOCKS = YES;
				GCC_WARN_64_TO_32_BIT_CONVERSION = YES;
				GCC_WARN_ABOUT_RETURN_TYPE = YES_ERROR;
				GCC_WARN_UNDECLARED_SELECTOR = YES;
				GCC_WARN_UNINITIALIZED_AUTOS = YES_AGGRESSIVE;
				GCC_WARN_UNUSED_FUNCTION = YES;
				GCC_WARN_UNUSED_VARIABLE = YES;
				IPHONEOS_DEPLOYMENT_TARGET = 17.5;
				LOCALIZATION_PREFERS_STRING_CATALOGS = YES;
				MTL_ENABLE_DEBUG_INFO = NO;
				MTL_FAST_MATH = YES;
				SDKROOT = iphoneos;
				SWIFT_COMPILATION_MODE = wholemodule;
				VALIDATE_PRODUCT = YES;
			};
			name = Release;
		};
		840FDD1D2CCE410E006A71E3 /* Debug */ = {
			isa = XCBuildConfiguration;
			baseConfigurationReference = 869E79D9C40A655BEED1412F /* Pods-Tracker.debug.xcconfig */;
			buildSettings = {
				ASSETCATALOG_COMPILER_APPICON_NAME = AppIcon;
				ASSETCATALOG_COMPILER_GLOBAL_ACCENT_COLOR_NAME = AccentColor;
				CODE_SIGN_STYLE = Automatic;
				CURRENT_PROJECT_VERSION = 1;
				DEVELOPMENT_TEAM = VRZ6LH69X6;
				GENERATE_INFOPLIST_FILE = YES;
				INFOPLIST_FILE = Tracker/Info.plist;
				INFOPLIST_KEY_UIApplicationSupportsIndirectInputEvents = YES;
				INFOPLIST_KEY_UILaunchStoryboardName = LaunchScreen;
				INFOPLIST_KEY_UISupportedInterfaceOrientations = UIInterfaceOrientationPortrait;
				INFOPLIST_KEY_UISupportedInterfaceOrientations_iPad = "UIInterfaceOrientationLandscapeLeft UIInterfaceOrientationLandscapeRight UIInterfaceOrientationPortrait UIInterfaceOrientationPortraitUpsideDown";
				IPHONEOS_DEPLOYMENT_TARGET = 13.4;
				LD_RUNPATH_SEARCH_PATHS = (
					"$(inherited)",
					"@executable_path/Frameworks",
				);
				MARKETING_VERSION = 1.0;
				PRODUCT_BUNDLE_IDENTIFIER = ru.yandex.practicum.Tracker;
				PRODUCT_NAME = "$(TARGET_NAME)";
				SUPPORTED_PLATFORMS = "iphoneos iphonesimulator";
				SUPPORTS_MACCATALYST = NO;
				SUPPORTS_MAC_DESIGNED_FOR_IPHONE_IPAD = NO;
				SUPPORTS_XR_DESIGNED_FOR_IPHONE_IPAD = NO;
				SWIFT_EMIT_LOC_STRINGS = YES;
				SWIFT_VERSION = 5.0;
				TARGETED_DEVICE_FAMILY = 1;
			};
			name = Debug;
		};
		840FDD1E2CCE410E006A71E3 /* Release */ = {
			isa = XCBuildConfiguration;
			baseConfigurationReference = F07649EF765B38A87D5C23C5 /* Pods-Tracker.release.xcconfig */;
			buildSettings = {
				ASSETCATALOG_COMPILER_APPICON_NAME = AppIcon;
				ASSETCATALOG_COMPILER_GLOBAL_ACCENT_COLOR_NAME = AccentColor;
				CODE_SIGN_STYLE = Automatic;
				CURRENT_PROJECT_VERSION = 1;
				DEVELOPMENT_TEAM = VRZ6LH69X6;
				GENERATE_INFOPLIST_FILE = YES;
				INFOPLIST_FILE = Tracker/Info.plist;
				INFOPLIST_KEY_UIApplicationSupportsIndirectInputEvents = YES;
				INFOPLIST_KEY_UILaunchStoryboardName = LaunchScreen;
				INFOPLIST_KEY_UISupportedInterfaceOrientations = UIInterfaceOrientationPortrait;
				INFOPLIST_KEY_UISupportedInterfaceOrientations_iPad = "UIInterfaceOrientationLandscapeLeft UIInterfaceOrientationLandscapeRight UIInterfaceOrientationPortrait UIInterfaceOrientationPortraitUpsideDown";
				IPHONEOS_DEPLOYMENT_TARGET = 13.4;
				LD_RUNPATH_SEARCH_PATHS = (
					"$(inherited)",
					"@executable_path/Frameworks",
				);
				MARKETING_VERSION = 1.0;
				PRODUCT_BUNDLE_IDENTIFIER = ru.yandex.practicum.Tracker;
				PRODUCT_NAME = "$(TARGET_NAME)";
				SUPPORTED_PLATFORMS = "iphoneos iphonesimulator";
				SUPPORTS_MACCATALYST = NO;
				SUPPORTS_MAC_DESIGNED_FOR_IPHONE_IPAD = NO;
				SUPPORTS_XR_DESIGNED_FOR_IPHONE_IPAD = NO;
				SWIFT_EMIT_LOC_STRINGS = YES;
				SWIFT_VERSION = 5.0;
				TARGETED_DEVICE_FAMILY = 1;
			};
			name = Release;
		};
		84CACC1A2D186A3C003E489C /* Debug */ = {
			isa = XCBuildConfiguration;
			baseConfigurationReference = 4CE346D5F5012661B98A365B /* Pods-TrackerTests.debug.xcconfig */;
			buildSettings = {
				BUNDLE_LOADER = "$(TEST_HOST)";
				CODE_SIGN_STYLE = Automatic;
				CURRENT_PROJECT_VERSION = 1;
				DEVELOPMENT_TEAM = VRZ6LH69X6;
				GENERATE_INFOPLIST_FILE = YES;
				MARKETING_VERSION = 1.0;
				PRODUCT_BUNDLE_IDENTIFIER = ru.yandex.practicum.TrackerTests;
				PRODUCT_NAME = "$(TARGET_NAME)";
				SWIFT_EMIT_LOC_STRINGS = NO;
				SWIFT_VERSION = 5.0;
				TARGETED_DEVICE_FAMILY = "1,2";
				TEST_HOST = "$(BUILT_PRODUCTS_DIR)/Tracker.app/$(BUNDLE_EXECUTABLE_FOLDER_PATH)/Tracker";
			};
			name = Debug;
		};
		84CACC1B2D186A3C003E489C /* Release */ = {
			isa = XCBuildConfiguration;
			baseConfigurationReference = A57C37D797AAB5BD3636856E /* Pods-TrackerTests.release.xcconfig */;
			buildSettings = {
				BUNDLE_LOADER = "$(TEST_HOST)";
				CODE_SIGN_STYLE = Automatic;
				CURRENT_PROJECT_VERSION = 1;
				DEVELOPMENT_TEAM = VRZ6LH69X6;
				GENERATE_INFOPLIST_FILE = YES;
				MARKETING_VERSION = 1.0;
				PRODUCT_BUNDLE_IDENTIFIER = ru.yandex.practicum.TrackerTests;
				PRODUCT_NAME = "$(TARGET_NAME)";
				SWIFT_EMIT_LOC_STRINGS = NO;
				SWIFT_VERSION = 5.0;
				TARGETED_DEVICE_FAMILY = "1,2";
				TEST_HOST = "$(BUILT_PRODUCTS_DIR)/Tracker.app/$(BUNDLE_EXECUTABLE_FOLDER_PATH)/Tracker";
			};
			name = Release;
		};
/* End XCBuildConfiguration section */

/* Begin XCConfigurationList section */
		840FDD032CCE410B006A71E3 /* Build configuration list for PBXProject "Tracker" */ = {
			isa = XCConfigurationList;
			buildConfigurations = (
				840FDD1A2CCE410D006A71E3 /* Debug */,
				840FDD1B2CCE410D006A71E3 /* Release */,
			);
			defaultConfigurationIsVisible = 0;
			defaultConfigurationName = Release;
		};
		840FDD1C2CCE410E006A71E3 /* Build configuration list for PBXNativeTarget "Tracker" */ = {
			isa = XCConfigurationList;
			buildConfigurations = (
				840FDD1D2CCE410E006A71E3 /* Debug */,
				840FDD1E2CCE410E006A71E3 /* Release */,
			);
			defaultConfigurationIsVisible = 0;
			defaultConfigurationName = Release;
		};
		84CACC192D186A3C003E489C /* Build configuration list for PBXNativeTarget "TrackerTests" */ = {
			isa = XCConfigurationList;
			buildConfigurations = (
				84CACC1A2D186A3C003E489C /* Debug */,
				84CACC1B2D186A3C003E489C /* Release */,
			);
			defaultConfigurationIsVisible = 0;
			defaultConfigurationName = Release;
		};
/* End XCConfigurationList section */

/* Begin XCRemoteSwiftPackageReference section */
		84CACC1C2D1874BE003E489C /* XCRemoteSwiftPackageReference "swift-snapshot-testing" */ = {
			isa = XCRemoteSwiftPackageReference;
			repositoryURL = "https://github.com/pointfreeco/swift-snapshot-testing";
			requirement = {
				kind = upToNextMajorVersion;
				minimumVersion = 1.17.6;
			};
		};
/* End XCRemoteSwiftPackageReference section */

/* Begin XCSwiftPackageProductDependency section */
		84CACC1D2D1874BE003E489C /* InlineSnapshotTesting */ = {
			isa = XCSwiftPackageProductDependency;
			package = 84CACC1C2D1874BE003E489C /* XCRemoteSwiftPackageReference "swift-snapshot-testing" */;
			productName = InlineSnapshotTesting;
		};
		84CACC1F2D1874BE003E489C /* SnapshotTesting */ = {
			isa = XCSwiftPackageProductDependency;
			package = 84CACC1C2D1874BE003E489C /* XCRemoteSwiftPackageReference "swift-snapshot-testing" */;
			productName = SnapshotTesting;
		};
/* End XCSwiftPackageProductDependency section */

/* Begin XCVersionGroup section */
		84374DDA2CF65DD50062B10E /* TrackerCoreData.xcdatamodeld */ = {
			isa = XCVersionGroup;
			children = (
				84374DDB2CF65DD50062B10E /* TrackerCoreData.xcdatamodel */,
			);
			currentVersion = 84374DDB2CF65DD50062B10E /* TrackerCoreData.xcdatamodel */;
			path = TrackerCoreData.xcdatamodeld;
			sourceTree = "<group>";
			versionGroupType = wrapper.xcdatamodel;
		};
/* End XCVersionGroup section */
	};
	rootObject = 840FDD002CCE410B006A71E3 /* Project object */;
}
